
Microsoft Visual Studio Solution File, Format Version 12.00
# Visual Studio 15
VisualStudioVersion = 15.0.27428.2011
MinimumVisualStudioVersion = 10.0.40219.1
Project("{FAE04EC0-301F-11D3-BF4B-00C04F79EFBC}") = "salesforce_vtk", "salesforce_vtk\salesforce_vtk.csproj", "{48620838-243D-4563-BB93-F2DAA3E6001A}"
EndProject
Global
	GlobalSection(SolutionConfigurationPlatforms) = preSolution
		Debug|Any CPU = Debug|Any CPU
		Release|Any CPU = Release|Any CPU
	EndGlobalSection
	GlobalSection(ProjectConfigurationPlatforms) = postSolution
		{48620838-243D-4563-BB93-F2DAA3E6001A}.Debug|Any CPU.ActiveCfg = Debug|Any CPU
		{48620838-243D-4563-BB93-F2DAA3E6001A}.Debug|Any CPU.Build.0 = Debug|Any CPU
		{48620838-243D-4563-BB93-F2DAA3E6001A}.Release|Any CPU.ActiveCfg = Release|Any CPU
		{48620838-243D-4563-BB93-F2DAA3E6001A}.Release|Any CPU.Build.0 = Release|Any CPU
	EndGlobalSection
	GlobalSection(SolutionProperties) = preSolution
		HideSolutionNode = FALSE
	EndGlobalSection
	GlobalSection(ExtensibilityGlobals) = postSolution
		SolutionGuid = {9DDA4492-69A1-4A4A-AEA1-68FB19E445CB}
	EndGlobalSection
EndGlobal
